
Microsoft Visual Studio Solution File, Format Version 12.00
# Visual Studio Version 16
VisualStudioVersion = 16.0.32106.194
MinimumVisualStudioVersion = 10.0.40219.1
Project("{888888A0-9F3D-457C-B088-3A5042F75D52}") = "RBPO_practice1", "RBPO_practice1\RBPO_practice1.pyproj", "{BF147A2E-87C1-45BB-B9C0-E7DD99CB1D78}"
EndProject
Global
	GlobalSection(SolutionConfigurationPlatforms) = preSolution
		Debug|Any CPU = Debug|Any CPU
		Release|Any CPU = Release|Any CPU
	EndGlobalSection
	GlobalSection(ProjectConfigurationPlatforms) = postSolution
		{BF147A2E-87C1-45BB-B9C0-E7DD99CB1D78}.Debug|Any CPU.ActiveCfg = Debug|Any CPU
		{BF147A2E-87C1-45BB-B9C0-E7DD99CB1D78}.Release|Any CPU.ActiveCfg = Release|Any CPU
	EndGlobalSection
	GlobalSection(SolutionProperties) = preSolution
		HideSolutionNode = FALSE
	EndGlobalSection
	GlobalSection(ExtensibilityGlobals) = postSolution
		SolutionGuid = {58679CF1-9C58-48D2-BBDF-26202F6717DB}
	EndGlobalSection
EndGlobal
